
Microsoft Visual Studio Solution File, Format Version 12.00
# Visual Studio 2013
VisualStudioVersion = 12.0.31101.0
MinimumVisualStudioVersion = 10.0.40219.1
Project("{FAE04EC0-301F-11D3-BF4B-00C04F79EFBC}") = "Storm.Mvvm", "Storm.Mvvm\Storm.Mvvm.csproj", "{1106AAA1-D2DD-4E12-8B9B-62BDFB7AEE88}"
EndProject
Project("{2150E333-8FDC-42A3-9474-1A3956D46DE8}") = "Library", "Library", "{8576A79E-8E92-4F92-A63A-1A45FED2BF7D}"
EndProject
Project("{2150E333-8FDC-42A3-9474-1A3956D46DE8}") = "Test", "Test", "{EF8DA5B4-B136-4530-8E13-1DEC0B1FFE62}"
EndProject
Project("{FAE04EC0-301F-11D3-BF4B-00C04F79EFBC}") = "TestApp.Android", "TestApp.Android\TestApp.Android.csproj", "{0225013B-5A23-48E6-91B9-C0CA5F96410D}"
	ProjectSection(ProjectDependencies) = postProject
		{25A36E16-5762-4053-9F46-C105577EBD2F} = {25A36E16-5762-4053-9F46-C105577EBD2F}
	EndProjectSection
EndProject
Project("{FAE04EC0-301F-11D3-BF4B-00C04F79EFBC}") = "TestApp.Business", "TestApp.Business\TestApp.Business.csproj", "{54DE00C9-B9E6-46AE-AD49-6D70D18D6232}"
EndProject
Project("{2150E333-8FDC-42A3-9474-1A3956D46DE8}") = "Android", "Android", "{A702AFC2-DCD8-43AE-8B7A-CE4FAF13A49E}"
EndProject
Project("{2150E333-8FDC-42A3-9474-1A3956D46DE8}") = "Phone", "Phone", "{6840389F-F3C7-4550-963C-17D67694C5DC}"
EndProject
Project("{FAE04EC0-301F-11D3-BF4B-00C04F79EFBC}") = "Storm.Mvvm.Android", "Storm.Mvvm.Android\Storm.Mvvm.Android.csproj", "{EB3F7EF1-B9F8-42B7-899B-6873DD7F46A4}"
EndProject
Project("{FAE04EC0-301F-11D3-BF4B-00C04F79EFBC}") = "Storm.Mvvm.Phone", "Storm.Mvvm.Phone\Storm.Mvvm.Phone.csproj", "{3016A0CD-7362-4D27-9CA4-0527F740A8BE}"
EndProject
Project("{FAE04EC0-301F-11D3-BF4B-00C04F79EFBC}") = "Storm.Binding.AndroidTarget", "Storm.Binding.AndroidTarget\Storm.Binding.AndroidTarget.csproj", "{25A36E16-5762-4053-9F46-C105577EBD2F}"
EndProject
Project("{2150E333-8FDC-42A3-9474-1A3956D46DE8}") = "Tablet", "Tablet", "{E5CD9F11-3818-4149-A998-B328608F13CE}"
EndProject
Project("{FAE04EC0-301F-11D3-BF4B-00C04F79EFBC}") = "Storm.Mvvm.Tablet", "Storm.Mvvm.Tablet\Storm.Mvvm.Tablet.csproj", "{0A0B594C-0502-4AA7-9F1A-428B99D89BE4}"
EndProject
Project("{D954291E-2A0B-460D-934E-DC6B0785DB48}") = "Storm.Mvvm.Shared", "Storm.Mvvm.Shared\Storm.Mvvm.Shared.shproj", "{99EFD43E-C236-44C4-AB25-C4C7EDB343A4}"
EndProject
Project("{FAE04EC0-301F-11D3-BF4B-00C04F79EFBC}") = "TestApp.Tablet", "TestApp.Tablet\TestApp.Tablet.csproj", "{F1959B0F-7190-49B5-8A8E-61AB87F7879C}"
EndProject
Project("{FAE04EC0-301F-11D3-BF4B-00C04F79EFBC}") = "Storm.Mvvm.Forms", "Storm.Mvvm.Forms\Storm.Mvvm.Forms.csproj", "{D0BBCB1C-74BD-44DC-BFC1-A26E92A50B00}"
EndProject
Global
	GlobalSection(SharedMSBuildProjectFiles) = preSolution
		Storm.Mvvm.Shared\Storm.Mvvm.Shared.projitems*{99efd43e-c236-44c4-ab25-c4c7edb343a4}*SharedItemsImports = 13
		Storm.Mvvm.Shared\Storm.Mvvm.Shared.projitems*{eb3f7ef1-b9f8-42b7-899b-6873dd7f46a4}*SharedItemsImports = 4
		Storm.Mvvm.Shared\Storm.Mvvm.Shared.projitems*{3016a0cd-7362-4d27-9ca4-0527f740a8be}*SharedItemsImports = 4
		Storm.Mvvm.Shared\Storm.Mvvm.Shared.projitems*{0a0b594c-0502-4aa7-9f1a-428b99d89be4}*SharedItemsImports = 4
	EndGlobalSection
	GlobalSection(SolutionConfigurationPlatforms) = preSolution
		Debug|Any CPU = Debug|Any CPU
		Debug|ARM = Debug|ARM
		Debug|x64 = Debug|x64
		Debug|x86 = Debug|x86
		Release|Any CPU = Release|Any CPU
		Release|ARM = Release|ARM
		Release|x64 = Release|x64
		Release|x86 = Release|x86
	EndGlobalSection
	GlobalSection(ProjectConfigurationPlatforms) = postSolution
		{1106AAA1-D2DD-4E12-8B9B-62BDFB7AEE88}.Debug|Any CPU.ActiveCfg = Debug|Any CPU
		{1106AAA1-D2DD-4E12-8B9B-62BDFB7AEE88}.Debug|Any CPU.Build.0 = Debug|Any CPU
		{1106AAA1-D2DD-4E12-8B9B-62BDFB7AEE88}.Debug|ARM.ActiveCfg = Debug|Any CPU
		{1106AAA1-D2DD-4E12-8B9B-62BDFB7AEE88}.Debug|x64.ActiveCfg = Debug|Any CPU
		{1106AAA1-D2DD-4E12-8B9B-62BDFB7AEE88}.Debug|x86.ActiveCfg = Debug|Any CPU
		{1106AAA1-D2DD-4E12-8B9B-62BDFB7AEE88}.Release|Any CPU.ActiveCfg = Release|Any CPU
		{1106AAA1-D2DD-4E12-8B9B-62BDFB7AEE88}.Release|Any CPU.Build.0 = Release|Any CPU
		{1106AAA1-D2DD-4E12-8B9B-62BDFB7AEE88}.Release|ARM.ActiveCfg = Release|Any CPU
		{1106AAA1-D2DD-4E12-8B9B-62BDFB7AEE88}.Release|x64.ActiveCfg = Release|Any CPU
		{1106AAA1-D2DD-4E12-8B9B-62BDFB7AEE88}.Release|x86.ActiveCfg = Release|Any CPU
		{0225013B-5A23-48E6-91B9-C0CA5F96410D}.Debug|Any CPU.ActiveCfg = Debug|Any CPU
		{0225013B-5A23-48E6-91B9-C0CA5F96410D}.Debug|Any CPU.Build.0 = Debug|Any CPU
		{0225013B-5A23-48E6-91B9-C0CA5F96410D}.Debug|Any CPU.Deploy.0 = Debug|Any CPU
		{0225013B-5A23-48E6-91B9-C0CA5F96410D}.Debug|ARM.ActiveCfg = Debug|Any CPU
		{0225013B-5A23-48E6-91B9-C0CA5F96410D}.Debug|x64.ActiveCfg = Debug|Any CPU
		{0225013B-5A23-48E6-91B9-C0CA5F96410D}.Debug|x86.ActiveCfg = Debug|Any CPU
		{0225013B-5A23-48E6-91B9-C0CA5F96410D}.Release|Any CPU.ActiveCfg = Release|Any CPU
		{0225013B-5A23-48E6-91B9-C0CA5F96410D}.Release|Any CPU.Build.0 = Release|Any CPU
		{0225013B-5A23-48E6-91B9-C0CA5F96410D}.Release|Any CPU.Deploy.0 = Release|Any CPU
		{0225013B-5A23-48E6-91B9-C0CA5F96410D}.Release|ARM.ActiveCfg = Release|Any CPU
		{0225013B-5A23-48E6-91B9-C0CA5F96410D}.Release|x64.ActiveCfg = Release|Any CPU
		{0225013B-5A23-48E6-91B9-C0CA5F96410D}.Release|x86.ActiveCfg = Release|Any CPU
		{54DE00C9-B9E6-46AE-AD49-6D70D18D6232}.Debug|Any CPU.ActiveCfg = Debug|Any CPU
		{54DE00C9-B9E6-46AE-AD49-6D70D18D6232}.Debug|Any CPU.Build.0 = Debug|Any CPU
		{54DE00C9-B9E6-46AE-AD49-6D70D18D6232}.Debug|ARM.ActiveCfg = Debug|Any CPU
		{54DE00C9-B9E6-46AE-AD49-6D70D18D6232}.Debug|x64.ActiveCfg = Debug|Any CPU
		{54DE00C9-B9E6-46AE-AD49-6D70D18D6232}.Debug|x86.ActiveCfg = Debug|Any CPU
		{54DE00C9-B9E6-46AE-AD49-6D70D18D6232}.Release|Any CPU.ActiveCfg = Release|Any CPU
		{54DE00C9-B9E6-46AE-AD49-6D70D18D6232}.Release|Any CPU.Build.0 = Release|Any CPU
		{54DE00C9-B9E6-46AE-AD49-6D70D18D6232}.Release|ARM.ActiveCfg = Release|Any CPU
		{54DE00C9-B9E6-46AE-AD49-6D70D18D6232}.Release|x64.ActiveCfg = Release|Any CPU
		{54DE00C9-B9E6-46AE-AD49-6D70D18D6232}.Release|x86.ActiveCfg = Release|Any CPU
		{EB3F7EF1-B9F8-42B7-899B-6873DD7F46A4}.Debug|Any CPU.ActiveCfg = Debug|Any CPU
		{EB3F7EF1-B9F8-42B7-899B-6873DD7F46A4}.Debug|Any CPU.Build.0 = Debug|Any CPU
		{EB3F7EF1-B9F8-42B7-899B-6873DD7F46A4}.Debug|ARM.ActiveCfg = Debug|Any CPU
		{EB3F7EF1-B9F8-42B7-899B-6873DD7F46A4}.Debug|x64.ActiveCfg = Debug|Any CPU
		{EB3F7EF1-B9F8-42B7-899B-6873DD7F46A4}.Debug|x86.ActiveCfg = Debug|Any CPU
		{EB3F7EF1-B9F8-42B7-899B-6873DD7F46A4}.Release|Any CPU.ActiveCfg = Release|Any CPU
		{EB3F7EF1-B9F8-42B7-899B-6873DD7F46A4}.Release|Any CPU.Build.0 = Release|Any CPU
		{EB3F7EF1-B9F8-42B7-899B-6873DD7F46A4}.Release|ARM.ActiveCfg = Release|Any CPU
		{EB3F7EF1-B9F8-42B7-899B-6873DD7F46A4}.Release|x64.ActiveCfg = Release|Any CPU
		{EB3F7EF1-B9F8-42B7-899B-6873DD7F46A4}.Release|x86.ActiveCfg = Release|Any CPU
		{3016A0CD-7362-4D27-9CA4-0527F740A8BE}.Debug|Any CPU.ActiveCfg = Debug|Any CPU
		{3016A0CD-7362-4D27-9CA4-0527F740A8BE}.Debug|Any CPU.Build.0 = Debug|Any CPU
		{3016A0CD-7362-4D27-9CA4-0527F740A8BE}.Debug|ARM.ActiveCfg = Debug|ARM
		{3016A0CD-7362-4D27-9CA4-0527F740A8BE}.Debug|ARM.Build.0 = Debug|ARM
		{3016A0CD-7362-4D27-9CA4-0527F740A8BE}.Debug|x64.ActiveCfg = Debug|Any CPU
		{3016A0CD-7362-4D27-9CA4-0527F740A8BE}.Debug|x86.ActiveCfg = Debug|x86
		{3016A0CD-7362-4D27-9CA4-0527F740A8BE}.Debug|x86.Build.0 = Debug|x86
		{3016A0CD-7362-4D27-9CA4-0527F740A8BE}.Release|Any CPU.ActiveCfg = Release|Any CPU
		{3016A0CD-7362-4D27-9CA4-0527F740A8BE}.Release|Any CPU.Build.0 = Release|Any CPU
		{3016A0CD-7362-4D27-9CA4-0527F740A8BE}.Release|ARM.ActiveCfg = Release|ARM
		{3016A0CD-7362-4D27-9CA4-0527F740A8BE}.Release|ARM.Build.0 = Release|ARM
		{3016A0CD-7362-4D27-9CA4-0527F740A8BE}.Release|x64.ActiveCfg = Release|Any CPU
		{3016A0CD-7362-4D27-9CA4-0527F740A8BE}.Release|x86.ActiveCfg = Release|x86
		{3016A0CD-7362-4D27-9CA4-0527F740A8BE}.Release|x86.Build.0 = Release|x86
		{25A36E16-5762-4053-9F46-C105577EBD2F}.Debug|Any CPU.ActiveCfg = Debug|Any CPU
		{25A36E16-5762-4053-9F46-C105577EBD2F}.Debug|Any CPU.Build.0 = Debug|Any CPU
		{25A36E16-5762-4053-9F46-C105577EBD2F}.Debug|ARM.ActiveCfg = Debug|Any CPU
		{25A36E16-5762-4053-9F46-C105577EBD2F}.Debug|x64.ActiveCfg = Debug|Any CPU
		{25A36E16-5762-4053-9F46-C105577EBD2F}.Debug|x86.ActiveCfg = Debug|Any CPU
		{25A36E16-5762-4053-9F46-C105577EBD2F}.Release|Any CPU.ActiveCfg = Release|Any CPU
		{25A36E16-5762-4053-9F46-C105577EBD2F}.Release|Any CPU.Build.0 = Release|Any CPU
		{25A36E16-5762-4053-9F46-C105577EBD2F}.Release|ARM.ActiveCfg = Release|Any CPU
		{25A36E16-5762-4053-9F46-C105577EBD2F}.Release|x64.ActiveCfg = Release|Any CPU
		{25A36E16-5762-4053-9F46-C105577EBD2F}.Release|x86.ActiveCfg = Release|Any CPU
		{0A0B594C-0502-4AA7-9F1A-428B99D89BE4}.Debug|Any CPU.ActiveCfg = Debug|Any CPU
		{0A0B594C-0502-4AA7-9F1A-428B99D89BE4}.Debug|Any CPU.Build.0 = Debug|Any CPU
		{0A0B594C-0502-4AA7-9F1A-428B99D89BE4}.Debug|ARM.ActiveCfg = Debug|ARM
		{0A0B594C-0502-4AA7-9F1A-428B99D89BE4}.Debug|ARM.Build.0 = Debug|ARM
		{0A0B594C-0502-4AA7-9F1A-428B99D89BE4}.Debug|x64.ActiveCfg = Debug|x64
		{0A0B594C-0502-4AA7-9F1A-428B99D89BE4}.Debug|x64.Build.0 = Debug|x64
		{0A0B594C-0502-4AA7-9F1A-428B99D89BE4}.Debug|x86.ActiveCfg = Debug|x86
		{0A0B594C-0502-4AA7-9F1A-428B99D89BE4}.Debug|x86.Build.0 = Debug|x86
		{0A0B594C-0502-4AA7-9F1A-428B99D89BE4}.Release|Any CPU.ActiveCfg = Release|Any CPU
		{0A0B594C-0502-4AA7-9F1A-428B99D89BE4}.Release|Any CPU.Build.0 = Release|Any CPU
		{0A0B594C-0502-4AA7-9F1A-428B99D89BE4}.Release|ARM.ActiveCfg = Release|ARM
		{0A0B594C-0502-4AA7-9F1A-428B99D89BE4}.Release|ARM.Build.0 = Release|ARM
		{0A0B594C-0502-4AA7-9F1A-428B99D89BE4}.Release|x64.ActiveCfg = Release|x64
		{0A0B594C-0502-4AA7-9F1A-428B99D89BE4}.Release|x64.Build.0 = Release|x64
		{0A0B594C-0502-4AA7-9F1A-428B99D89BE4}.Release|x86.ActiveCfg = Release|x86
		{0A0B594C-0502-4AA7-9F1A-428B99D89BE4}.Release|x86.Build.0 = Release|x86
		{F1959B0F-7190-49B5-8A8E-61AB87F7879C}.Debug|Any CPU.ActiveCfg = Debug|Any CPU
		{F1959B0F-7190-49B5-8A8E-61AB87F7879C}.Debug|Any CPU.Build.0 = Debug|Any CPU
		{F1959B0F-7190-49B5-8A8E-61AB87F7879C}.Debug|Any CPU.Deploy.0 = Debug|Any CPU
		{F1959B0F-7190-49B5-8A8E-61AB87F7879C}.Debug|ARM.ActiveCfg = Debug|ARM
		{F1959B0F-7190-49B5-8A8E-61AB87F7879C}.Debug|ARM.Build.0 = Debug|ARM
		{F1959B0F-7190-49B5-8A8E-61AB87F7879C}.Debug|ARM.Deploy.0 = Debug|ARM
		{F1959B0F-7190-49B5-8A8E-61AB87F7879C}.Debug|x64.ActiveCfg = Debug|x64
		{F1959B0F-7190-49B5-8A8E-61AB87F7879C}.Debug|x64.Build.0 = Debug|x64
		{F1959B0F-7190-49B5-8A8E-61AB87F7879C}.Debug|x64.Deploy.0 = Debug|x64
		{F1959B0F-7190-49B5-8A8E-61AB87F7879C}.Debug|x86.ActiveCfg = Debug|x86
		{F1959B0F-7190-49B5-8A8E-61AB87F7879C}.Debug|x86.Build.0 = Debug|x86
		{F1959B0F-7190-49B5-8A8E-61AB87F7879C}.Debug|x86.Deploy.0 = Debug|x86
		{F1959B0F-7190-49B5-8A8E-61AB87F7879C}.Release|Any CPU.ActiveCfg = Release|Any CPU
		{F1959B0F-7190-49B5-8A8E-61AB87F7879C}.Release|Any CPU.Build.0 = Release|Any CPU
		{F1959B0F-7190-49B5-8A8E-61AB87F7879C}.Release|Any CPU.Deploy.0 = Release|Any CPU
		{F1959B0F-7190-49B5-8A8E-61AB87F7879C}.Release|ARM.ActiveCfg = Release|ARM
		{F1959B0F-7190-49B5-8A8E-61AB87F7879C}.Release|ARM.Build.0 = Release|ARM
		{F1959B0F-7190-49B5-8A8E-61AB87F7879C}.Release|ARM.Deploy.0 = Release|ARM
		{F1959B0F-7190-49B5-8A8E-61AB87F7879C}.Release|x64.ActiveCfg = Release|x64
		{F1959B0F-7190-49B5-8A8E-61AB87F7879C}.Release|x64.Build.0 = Release|x64
		{F1959B0F-7190-49B5-8A8E-61AB87F7879C}.Release|x64.Deploy.0 = Release|x64
		{F1959B0F-7190-49B5-8A8E-61AB87F7879C}.Release|x86.ActiveCfg = Release|x86
		{F1959B0F-7190-49B5-8A8E-61AB87F7879C}.Release|x86.Build.0 = Release|x86
		{F1959B0F-7190-49B5-8A8E-61AB87F7879C}.Release|x86.Deploy.0 = Release|x86
		{D0BBCB1C-74BD-44DC-BFC1-A26E92A50B00}.Debug|Any CPU.ActiveCfg = Debug|Any CPU
		{D0BBCB1C-74BD-44DC-BFC1-A26E92A50B00}.Debug|Any CPU.Build.0 = Debug|Any CPU
		{D0BBCB1C-74BD-44DC-BFC1-A26E92A50B00}.Debug|ARM.ActiveCfg = Debug|Any CPU
		{D0BBCB1C-74BD-44DC-BFC1-A26E92A50B00}.Debug|x64.ActiveCfg = Debug|Any CPU
		{D0BBCB1C-74BD-44DC-BFC1-A26E92A50B00}.Debug|x86.ActiveCfg = Debug|Any CPU
		{D0BBCB1C-74BD-44DC-BFC1-A26E92A50B00}.Release|Any CPU.ActiveCfg = Release|Any CPU
		{D0BBCB1C-74BD-44DC-BFC1-A26E92A50B00}.Release|Any CPU.Build.0 = Release|Any CPU
		{D0BBCB1C-74BD-44DC-BFC1-A26E92A50B00}.Release|ARM.ActiveCfg = Release|Any CPU
		{D0BBCB1C-74BD-44DC-BFC1-A26E92A50B00}.Release|x64.ActiveCfg = Release|Any CPU
		{D0BBCB1C-74BD-44DC-BFC1-A26E92A50B00}.Release|x86.ActiveCfg = Release|Any CPU
	EndGlobalSection
	GlobalSection(SolutionProperties) = preSolution
		HideSolutionNode = FALSE
	EndGlobalSection
	GlobalSection(NestedProjects) = preSolution
		{1106AAA1-D2DD-4E12-8B9B-62BDFB7AEE88} = {8576A79E-8E92-4F92-A63A-1A45FED2BF7D}
		{0225013B-5A23-48E6-91B9-C0CA5F96410D} = {EF8DA5B4-B136-4530-8E13-1DEC0B1FFE62}
		{54DE00C9-B9E6-46AE-AD49-6D70D18D6232} = {EF8DA5B4-B136-4530-8E13-1DEC0B1FFE62}
		{A702AFC2-DCD8-43AE-8B7A-CE4FAF13A49E} = {8576A79E-8E92-4F92-A63A-1A45FED2BF7D}
		{6840389F-F3C7-4550-963C-17D67694C5DC} = {8576A79E-8E92-4F92-A63A-1A45FED2BF7D}
		{EB3F7EF1-B9F8-42B7-899B-6873DD7F46A4} = {A702AFC2-DCD8-43AE-8B7A-CE4FAF13A49E}
		{3016A0CD-7362-4D27-9CA4-0527F740A8BE} = {6840389F-F3C7-4550-963C-17D67694C5DC}
		{E5CD9F11-3818-4149-A998-B328608F13CE} = {8576A79E-8E92-4F92-A63A-1A45FED2BF7D}
		{0A0B594C-0502-4AA7-9F1A-428B99D89BE4} = {E5CD9F11-3818-4149-A998-B328608F13CE}
		{99EFD43E-C236-44C4-AB25-C4C7EDB343A4} = {8576A79E-8E92-4F92-A63A-1A45FED2BF7D}
		{F1959B0F-7190-49B5-8A8E-61AB87F7879C} = {EF8DA5B4-B136-4530-8E13-1DEC0B1FFE62}
		{D0BBCB1C-74BD-44DC-BFC1-A26E92A50B00} = {8576A79E-8E92-4F92-A63A-1A45FED2BF7D}
	EndGlobalSection
EndGlobal
